// !$*UTF8*$!
{
	archiveVersion = 1;
	classes = {
	};
	objectVersion = 46;
	objects = {

/* Begin PBXFileReference section */
		C4D1A0681ECD430600634667 /* Reto1.playground */ = {isa = PBXFileReference; lastKnownFileType = file.playground; path = Reto1.playground; sourceTree = "<group>"; };
/* End PBXFileReference section */

/* Begin PBXGroup section */
		C4D1A0611ECD42D100634667 = {
			isa = PBXGroup;
			children = (
				C4D1A0681ECD430600634667 /* Reto1.playground */,
			);
			sourceTree = "<group>";
		};
/* End PBXGroup section */

/* Begin PBXProject section */
		C4D1A0621ECD42D100634667 /* Project object */ = {
			isa = PBXProject;
			attributes = {
				LastUpgradeCheck = 0720;
			};
			buildConfigurationList = C4D1A0651ECD42D100634667 /* Build configuration list for PBXProject "reto1" */;
			compatibilityVersion = "Xcode 3.2";
			developmentRegion = English;
			hasScannedForEncodings = 0;
			knownRegions = (
				en,
			);
			mainGroup = C4D1A0611ECD42D100634667;
			projectDirPath = "";
			projectRoot = "";
			targets = (
			);
		};
/* End PBXProject section */

/* Begin XCBuildConfiguration section */
		C4D1A0661ECD42D100634667 /* Debug */ = {
			isa = XCBuildConfiguration;
			buildSettings = {
			};
			name = Debug;
		};
		C4D1A0671ECD42D100634667 /* Release */ = {
			isa = XCBuildConfiguration;
			buildSettings = {
			};
			name = Release;
		};
/* End XCBuildConfiguration section */

/* Begin XCConfigurationList section */
		C4D1A0651ECD42D100634667 /* Build configuration list for PBXProject "reto1" */ = {
			isa = XCConfigurationList;
			buildConfigurations = (
				C4D1A0661ECD42D100634667 /* Debug */,
				C4D1A0671ECD42D100634667 /* Release */,
			);
			defaultConfigurationIsVisible = 0;
			defaultConfigurationName = Release;
		};
/* End XCConfigurationList section */
	};
	rootObject = C4D1A0621ECD42D100634667 /* Project object */;
}
